
Microsoft Visual Studio Solution File, Format Version 12.00
Project("{FAE04EC0-301F-11D3-BF4B-00C04F79EFBC}") = "Local", "Local\Local.csproj", "{6DBF8EFE-8E8C-493B-93D1-F2B81A5642A6}"
EndProject
Project("{FAE04EC0-301F-11D3-BF4B-00C04F79EFBC}") = "Local.Tests", "Local.Tests\Local.Tests.csproj", "{FD034142-834E-4CF4-AA4A-1F674A936F37}"
EndProject
Project("{FAE04EC0-301F-11D3-BF4B-00C04F79EFBC}") = "Local.Benchmarks", "Local.Benchmarks\Local.Benchmarks.csproj", "{F5BA7B76-8FDF-41F1-8F47-E256FE306B19}"
EndProject
Global
	GlobalSection(SolutionConfigurationPlatforms) = preSolution
		Debug|Any CPU = Debug|Any CPU
		Release|Any CPU = Release|Any CPU
	EndGlobalSection
	GlobalSection(ProjectConfigurationPlatforms) = postSolution
		{6DBF8EFE-8E8C-493B-93D1-F2B81A5642A6}.Debug|Any CPU.ActiveCfg = Debug|Any CPU
		{6DBF8EFE-8E8C-493B-93D1-F2B81A5642A6}.Debug|Any CPU.Build.0 = Debug|Any CPU
		{6DBF8EFE-8E8C-493B-93D1-F2B81A5642A6}.Release|Any CPU.ActiveCfg = Release|Any CPU
		{6DBF8EFE-8E8C-493B-93D1-F2B81A5642A6}.Release|Any CPU.Build.0 = Release|Any CPU
		{FD034142-834E-4CF4-AA4A-1F674A936F37}.Debug|Any CPU.ActiveCfg = Debug|Any CPU
		{FD034142-834E-4CF4-AA4A-1F674A936F37}.Debug|Any CPU.Build.0 = Debug|Any CPU
		{FD034142-834E-4CF4-AA4A-1F674A936F37}.Release|Any CPU.ActiveCfg = Release|Any CPU
		{FD034142-834E-4CF4-AA4A-1F674A936F37}.Release|Any CPU.Build.0 = Release|Any CPU
		{F5BA7B76-8FDF-41F1-8F47-E256FE306B19}.Debug|Any CPU.ActiveCfg = Debug|Any CPU
		{F5BA7B76-8FDF-41F1-8F47-E256FE306B19}.Debug|Any CPU.Build.0 = Debug|Any CPU
		{F5BA7B76-8FDF-41F1-8F47-E256FE306B19}.Release|Any CPU.ActiveCfg = Release|Any CPU
		{F5BA7B76-8FDF-41F1-8F47-E256FE306B19}.Release|Any CPU.Build.0 = Release|Any CPU
	EndGlobalSection
EndGlobal
